
Microsoft Visual Studio Solution File, Format Version 12.00
# Visual Studio 15
VisualStudioVersion = 15.0.28010.2046
MinimumVisualStudioVersion = 10.0.40219.1
Project("{FAE04EC0-301F-11D3-BF4B-00C04F79EFBC}") = "Homework3_4", "Homework3_4\Homework3_4.csproj", "{3C13EB40-9CF6-4813-811C-C6E7BF7D489F}"
EndProject
Global
	GlobalSection(SolutionConfigurationPlatforms) = preSolution
		Debug|Any CPU = Debug|Any CPU
		Release|Any CPU = Release|Any CPU
	EndGlobalSection
	GlobalSection(ProjectConfigurationPlatforms) = postSolution
		{3C13EB40-9CF6-4813-811C-C6E7BF7D489F}.Debug|Any CPU.ActiveCfg = Debug|Any CPU
		{3C13EB40-9CF6-4813-811C-C6E7BF7D489F}.Debug|Any CPU.Build.0 = Debug|Any CPU
		{3C13EB40-9CF6-4813-811C-C6E7BF7D489F}.Release|Any CPU.ActiveCfg = Release|Any CPU
		{3C13EB40-9CF6-4813-811C-C6E7BF7D489F}.Release|Any CPU.Build.0 = Release|Any CPU
	EndGlobalSection
	GlobalSection(SolutionProperties) = preSolution
		HideSolutionNode = FALSE
	EndGlobalSection
	GlobalSection(ExtensibilityGlobals) = postSolution
		SolutionGuid = {B8D85C8B-A368-4978-B83D-1D4479E2671D}
	EndGlobalSection
EndGlobal
